<?xml version="1.0" encoding="utf-8"?>
<Project ToolsVersion="4.0" xmlns="http://schemas.microsoft.com/developer/msbuild/2003">
  <ItemGroup>
    <Filter Include="Source Files">
      <UniqueIdentifier>{4FC737F1-C7A5-4376-A066-2A32D752A2FF}</UniqueIdentifier>
      <Extensions>cpp;c;cc;cxx;c++;cppm;ixx;def;odl;idl;hpj;bat;asm;asmx</Extensions>
    </Filter>
    <Filter Include="Header Files">
      <UniqueIdentifier>{93995380-89BD-4b04-88EB-625FBE52EBFB}</UniqueIdentifier>
      <Extensions>h;hh;hpp;hxx;h++;hm;inl;inc;ipp;xsd</Extensions>
    </Filter>
    <Filter Include="Resource Files">
      <UniqueIdentifier>{67DA6AB6-F800-4c08-8B7A-83BB121AAD01}</UniqueIdentifier>
      <Extensions>rc;ico;cur;bmp;dlg;rc2;rct;bin;rgs;gif;jpg;jpeg;jpe;resx;tiff;tif;png;wav;mfcribbon-ms</Extensions>
    </Filter>
    <Filter Include="Shaders">
      <UniqueIdentifier>{50a9e080-34df-4606-9a48-8971588416a4}</UniqueIdentifier>
    </Filter>
    <Filter Include="Source Files\Core">
      <UniqueIdentifier>{28f62626-1cd3-483a-90c1-e9e897911ba2}</UniqueIdentifier>
    </Filter>
    <Filter Include="Source Files\Core\Math">
      <UniqueIdentifier>{1e7481c0-06a3-43b9-bb36-b5db75cb77d7}</UniqueIdentifier>
    </Filter>
    <Filter Include="Source Files\Core\HAL">
      <UniqueIdentifier>{f681a64e-0f55-4659-9e70-96dd8472aa59}</UniqueIdentifier>
    </Filter>
    <Filter Include="Source Files\Core\Container">
      <UniqueIdentifier>{390684ae-d47a-4ba3-a189-df3e3fe29296}</UniqueIdentifier>
    </Filter>
    <Filter Include="Source Files\Core\Rendering">
      <UniqueIdentifier>{56b6436b-bf4c-494b-a04c-07350d7ca313}</UniqueIdentifier>
    </Filter>
    <Filter Include="Source Files\Debug">
      <UniqueIdentifier>{4683e23e-d923-40b5-8b26-892eb15c2b40}</UniqueIdentifier>
    </Filter>
    <Filter Include="Source Files\Object">
      <UniqueIdentifier>{e0faa0bb-d8b7-49d3-a51b-c52abe57f118}</UniqueIdentifier>
    </Filter>
    <Filter Include="Source Files\Primitive">
      <UniqueIdentifier>{827fb2e5-b183-4c6f-90df-0f7d83c58083}</UniqueIdentifier>
    </Filter>
    <Filter Include="Source Files\Static">
      <UniqueIdentifier>{30731b03-b56a-448b-bbcb-03f82d20bc16}</UniqueIdentifier>
    </Filter>
    <Filter Include="Source Files\ThirdParty">
      <UniqueIdentifier>{520e6fb1-ad3d-48b3-8097-9fdb465a118c}</UniqueIdentifier>
    </Filter>
    <Filter Include="Source Files\ThirdParty\ImGui">
      <UniqueIdentifier>{5c324ea0-cc9c-4378-9b6b-de8746d77e3e}</UniqueIdentifier>
    </Filter>
    <Filter Include="Source Files\ThirdParty\SimpleJSON">
      <UniqueIdentifier>{0e6e0a0c-8ce4-4b5b-bcd4-1263867a9eb2}</UniqueIdentifier>
    </Filter>
    <Filter Include="Source Files\Object\Actor">
      <UniqueIdentifier>{ac3c649a-a441-4f31-a609-edb5dcd92bdb}</UniqueIdentifier>
    </Filter>
    <Filter Include="Source Files\Object\ActorComponent">
      <UniqueIdentifier>{1b44af59-2868-42cd-b9b6-9c60f1c2f23f}</UniqueIdentifier>
    </Filter>
    <Filter Include="Source Files\Object\Gizmo">
      <UniqueIdentifier>{3ec5a532-a7fa-41e0-acbe-3bcbacc885fb}</UniqueIdentifier>
    </Filter>
    <Filter Include="Source Files\Object\PrimitiveComponent">
      <UniqueIdentifier>{7cbccd1c-6040-4dd2-8018-531ff4f8fd0d}</UniqueIdentifier>
    </Filter>
    <Filter Include="Source Files\Object\World">
      <UniqueIdentifier>{20fa0fd9-4dbf-4d1c-abac-400202b620b5}</UniqueIdentifier>
    </Filter>
    <Filter Include="Source Files\Core\Input">
      <UniqueIdentifier>{c63ea719-0254-47c7-9f56-83a61afe5a13}</UniqueIdentifier>
    </Filter>
    <Filter Include="Source Files\Core\AbstarctClass">
      <UniqueIdentifier>{12ad6cff-15fd-42d3-b7b6-b5fef848b1af}</UniqueIdentifier>
    </Filter>
    <Filter Include="Source Files\Core\Rendering\Text">
      <UniqueIdentifier>{88574507-a79e-4e6b-84b3-ae231f709ec1}</UniqueIdentifier>
    </Filter>
    <Filter Include="Source Files\ThirdParty\DirectXTex">
      <UniqueIdentifier>{f1d2d85d-6a1b-4371-8558-85d324827ce7}</UniqueIdentifier>
    </Filter>
    <Filter Include="Source Files\ThirdParty\DirectXTex\Lib">
      <UniqueIdentifier>{5d3f89e6-ea14-44ee-ac4f-07d3381aa49e}</UniqueIdentifier>
    </Filter>
    <Filter Include="Source Files\ThirdParty\DirectXTex\Include">
      <UniqueIdentifier>{5b515290-25ee-4dc9-8207-23d142ffebc3}</UniqueIdentifier>
    </Filter>
  </ItemGroup>
  <ItemGroup>
    <ClCompile Include="main.cpp">
      <Filter>Source Files</Filter>
    </ClCompile>
    <ClCompile Include="Source\ThirdParty\ImGui\imgui.cpp">
      <Filter>Source Files\ThirdParty\ImGui</Filter>
    </ClCompile>
    <ClCompile Include="Source\ThirdParty\ImGui\imgui_demo.cpp">
      <Filter>Source Files\ThirdParty\ImGui</Filter>
    </ClCompile>
    <ClCompile Include="Source\ThirdParty\ImGui\imgui_draw.cpp">
      <Filter>Source Files\ThirdParty\ImGui</Filter>
    </ClCompile>
    <ClCompile Include="Source\ThirdParty\ImGui\imgui_impl_dx11.cpp">
      <Filter>Source Files\ThirdParty\ImGui</Filter>
    </ClCompile>
    <ClCompile Include="Source\ThirdParty\ImGui\imgui_impl_win32.cpp">
      <Filter>Source Files\ThirdParty\ImGui</Filter>
    </ClCompile>
    <ClCompile Include="Source\ThirdParty\ImGui\imgui_tables.cpp">
      <Filter>Source Files\ThirdParty\ImGui</Filter>
    </ClCompile>
    <ClCompile Include="Source\ThirdParty\ImGui\imgui_widgets.cpp">
      <Filter>Source Files\ThirdParty\ImGui</Filter>
    </ClCompile>
    <ClCompile Include="Source\Core\Math\Vector.cpp">
      <Filter>Source Files\Core\Math</Filter>
    </ClCompile>
    <ClCompile Include="Source\Core\Math\Matrix.cpp">
      <Filter>Source Files\Core\Math</Filter>
    </ClCompile>
    <ClCompile Include="Source\Core\HAL\PlatformMemory.cpp">
      <Filter>Source Files\Core\HAL</Filter>
    </ClCompile>
    <ClCompile Include="Source\Core\Container\String.cpp">
      <Filter>Source Files\Core\Container</Filter>
    </ClCompile>
    <ClCompile Include="Source\Core\Rendering\UI.cpp">
      <Filter>Source Files\Core\Rendering</Filter>
    </ClCompile>
    <ClCompile Include="Source\Core\Rendering\URenderer.cpp">
      <Filter>Source Files\Core\Rendering</Filter>
    </ClCompile>
    <ClCompile Include="Source\Core\Engine.cpp">
      <Filter>Source Files</Filter>
    </ClCompile>
    <ClCompile Include="Source\Primitive\PrimitiveVertices.cpp">
      <Filter>Source Files\Primitive</Filter>
    </ClCompile>
    <ClCompile Include="Source\Object\ObjectFactory.cpp">
      <Filter>Source Files\Object</Filter>
    </ClCompile>
    <ClCompile Include="Source\Object\UObject.cpp">
      <Filter>Source Files\Object</Filter>
    </ClCompile>
    <ClCompile Include="Source\Object\USceneComponent.cpp">
      <Filter>Source Files\Object</Filter>
    </ClCompile>
    <ClCompile Include="Source\Object\Actor\Actor.cpp">
      <Filter>Source Files\Object\Actor</Filter>
    </ClCompile>
    <ClCompile Include="Source\Object\ActorComponent\ActorComponent.cpp">
      <Filter>Source Files\Object\ActorComponent</Filter>
    </ClCompile>
    <ClCompile Include="Source\Object\Actor\Arrow.cpp">
      <Filter>Source Files\Object\Actor</Filter>
    </ClCompile>
    <ClCompile Include="Source\Object\Actor\Camera.cpp">
      <Filter>Source Files\Object\Actor</Filter>
    </ClCompile>
    <ClCompile Include="Source\Object\Actor\Cone.cpp">
      <Filter>Source Files\Object\Actor</Filter>
    </ClCompile>
    <ClCompile Include="Source\Object\Actor\Cube.cpp">
      <Filter>Source Files\Object\Actor</Filter>
    </ClCompile>
    <ClCompile Include="Source\Object\Actor\Cylinder.cpp">
      <Filter>Source Files\Object\Actor</Filter>
    </ClCompile>
    <ClCompile Include="Source\Object\Actor\Picker.cpp">
      <Filter>Source Files\Object\Actor</Filter>
    </ClCompile>
    <ClCompile Include="Source\Object\Actor\Sphere.cpp">
      <Filter>Source Files\Object\Actor</Filter>
    </ClCompile>
    <ClCompile Include="Source\Object\Gizmo\Axis.cpp">
      <Filter>Source Files\Object\Gizmo</Filter>
    </ClCompile>
    <ClCompile Include="Source\Object\Gizmo\GizmoHandle.cpp">
      <Filter>Source Files\Object\Gizmo</Filter>
    </ClCompile>
    <ClCompile Include="Source\Object\World\World.cpp">
      <Filter>Source Files\Object\World</Filter>
    </ClCompile>
    <ClCompile Include="Source\Object\PrimitiveComponent\UPrimitiveComponent.cpp">
      <Filter>Source Files\Object\PrimitiveComponent</Filter>
    </ClCompile>
    <ClCompile Include="Source\Debug\DebugConsole.cpp">
      <Filter>Source Files\Debug</Filter>
    </ClCompile>
    <ClCompile Include="Source\Core\EngineStatics.cpp">
      <Filter>Source Files\Core</Filter>
    </ClCompile>
    <ClCompile Include="Source\Core\Engine.cpp">
      <Filter>Source Files\Core</Filter>
    </ClCompile>
    <ClCompile Include="Source\Core\Input\PlayerController.cpp">
      <Filter>Source Files\Core\Input</Filter>
    </ClCompile>
    <ClCompile Include="Source\Core\Input\PlayerInput.cpp">
      <Filter>Source Files\Core\Input</Filter>
    </ClCompile>
    <ClCompile Include="Source\Core\Rendering\BufferCache.cpp">
      <Filter>Source Files\Core\Rendering</Filter>
    </ClCompile>
    <ClCompile Include="Source\Core\Math\Plane.cpp">
      <Filter>Source Files\Core\Math</Filter>
    </ClCompile>
    <ClCompile Include="Source\Core\Rendering\Text\Text.cpp">
      <Filter>Source Files\Core\Rendering\Text</Filter>
    </ClCompile>
    <ClCompile Include="Source\Core\Rendering\Text\FontShader.cpp">
      <Filter>Source Files\Core\Rendering\Text</Filter>
    </ClCompile>
    <ClCompile Include="Source\Core\Rendering\Text\Font.cpp">
      <Filter>Source Files\Core\Rendering\Text</Filter>
    </ClCompile>
    <ClCompile Include="Source\Core\Rendering\Texture.cpp">
      <Filter>Source Files\Core\Rendering</Filter>
    </ClCompile>
    <ClCompile Include="Source\Core\Math\Plane.cpp">
      <Filter>Source Files</Filter>
    </ClCompile>
    <ClCompile Include="Source\Object\Actor\Camera.cpp">
      <Filter>Source Files</Filter>
    </ClCompile>
    <ClCompile Include="Source\Object\Actor\Cone.cpp">
      <Filter>Source Files</Filter>
    </ClCompile>
    <ClCompile Include="Source\Object\Actor\Cylinder.cpp">
      <Filter>Source Files</Filter>
    </ClCompile>
    <ClCompile Include="Source\Object\Gizmo\GizmoHandle.cpp">
      <Filter>Source Files</Filter>
    </ClCompile>
    <ClCompile Include="Source\Object\Actor\Arrow.cpp">
      <Filter>Source Files</Filter>
    </ClCompile>
    <ClCompile Include="Source\Core\Input\PlayerController.cpp">
      <Filter>Source Files</Filter>
    </ClCompile>
    <ClCompile Include="Source\Core\Input\PlayerInput.cpp">
      <Filter>Source Files</Filter>
    </ClCompile>
    <ClCompile Include="Source\Object\Actor\Picker.cpp">
      <Filter>Source Files</Filter>
    </ClCompile>
    <ClCompile Include="Source\Static\FEditorManager.cpp">
      <Filter>Source Files</Filter>
    </ClCompile>
    <ClCompile Include="Source\Data\ConfigManager.cpp">
      <Filter>Source Files</Filter>
    </ClCompile>
    <ClCompile Include="Source\Data\JsonSaveHelper.cpp">
      <Filter>Source Files</Filter>
    </ClCompile>
    <ClCompile Include="Source\Data\UDeveloperSettings.cpp">
      <Filter>Source Files</Filter>
    </ClCompile>
    <ClCompile Include="Source\Data\UCameraSettings.cpp">
      <Filter>Source Files</Filter>
    </ClCompile>
  </ItemGroup>
  <ItemGroup>
    <FxCompile Include="Shaders\ShaderW0.hlsl">
      <Filter>Shaders</Filter>
    </FxCompile>
  </ItemGroup>
  <ItemGroup>
    <ClInclude Include="Source\ThirdParty\ImGui\imstb_truetype.h">
      <Filter>Source Files\ThirdParty\ImGui</Filter>
    </ClInclude>
    <ClInclude Include="Source\ThirdParty\ImGui\imconfig.h">
      <Filter>Source Files\ThirdParty\ImGui</Filter>
    </ClInclude>
    <ClInclude Include="Source\ThirdParty\ImGui\imgui.h">
      <Filter>Source Files\ThirdParty\ImGui</Filter>
    </ClInclude>
    <ClInclude Include="Source\ThirdParty\ImGui\imgui_impl_dx11.h">
      <Filter>Source Files\ThirdParty\ImGui</Filter>
    </ClInclude>
    <ClInclude Include="Source\ThirdParty\ImGui\imgui_impl_win32.h">
      <Filter>Source Files\ThirdParty\ImGui</Filter>
    </ClInclude>
    <ClInclude Include="Source\ThirdParty\ImGui\imgui_internal.h">
      <Filter>Source Files\ThirdParty\ImGui</Filter>
    </ClInclude>
    <ClInclude Include="Source\ThirdParty\ImGui\imstb_rectpack.h">
      <Filter>Source Files\ThirdParty\ImGui</Filter>
    </ClInclude>
    <ClInclude Include="Source\ThirdParty\ImGui\imstb_textedit.h">
      <Filter>Source Files\ThirdParty\ImGui</Filter>
    </ClInclude>
    <ClInclude Include="Source\Static\FEditorManager.h">
      <Filter>Source Files\Static</Filter>
    </ClInclude>
    <ClInclude Include="Source\Primitive\PrimitiveVertices.h">
      <Filter>Source Files\Primitive</Filter>
    </ClInclude>
    <ClInclude Include="Source\Core\AbstractClass\Singleton.h">
      <Filter>Source Files\Core\AbstarctClass</Filter>
    </ClInclude>
    <ClInclude Include="Source\Core\Container\Array.h">
      <Filter>Source Files\Core\Container</Filter>
    </ClInclude>
    <ClInclude Include="Source\Core\Container\String.h">
      <Filter>Source Files\Core\Container</Filter>
    <ClInclude Include="Source\Core\EngineStatics.h">
      <Filter>Header Files</Filter>
    </ClInclude>
    <ClInclude Include="Source\Core\Container\ContainerAllocator.h">
      <Filter>Source Files\Core\Container</Filter>
    </ClInclude>
    <ClInclude Include="Source\Core\HAL\PlatformMemory.h">
      <Filter>Source Files\Core\HAL</Filter>
    </ClInclude>
    <ClInclude Include="Source\Core\HAL\PlatformType.h">
      <Filter>Source Files\Core\HAL</Filter>
    </ClInclude>
    <ClInclude Include="Source\Core\Math\MathUtility.h">
      <Filter>Source Files\Core\Math</Filter>
    </ClInclude>
    <ClInclude Include="Source\Core\Math\Matrix.h">
      <Filter>Source Files\Core\Math</Filter>
    </ClInclude>
    <ClInclude Include="Source\Core\Math\Plane.h">
      <Filter>Source Files\Core\Math</Filter>
    </ClInclude>
    <ClInclude Include="Source\Core\Math\Vector.h">
      <Filter>Source Files\Core\Math</Filter>
    </ClInclude>
    <ClInclude Include="Source\Core\Rendering\UI.h">
      <Filter>Source Files\Core\Rendering</Filter>
    </ClInclude>
    <ClInclude Include="Source\Core\Rendering\URenderer.h">
      <Filter>Source Files\Core\Rendering</Filter>
    </ClInclude>
    <ClInclude Include="Source\Core\Rendering\BufferCache.h">
      <Filter>Source Files\Core\Rendering</Filter>
    </ClInclude>
    <ClInclude Include="Source\Core\EngineStatics.h">
      <Filter>Source Files\Core</Filter>
    </ClInclude>
    <ClInclude Include="Source\Core\EngineTypes.h">
      <Filter>Source Files\Core</Filter>
    </ClInclude>
    <ClInclude Include="Source\Core\Engine.h">
      <Filter>Source Files\Core</Filter>
    </ClInclude>
    <ClInclude Include="Source\Debug\DebugConsole.h">
      <Filter>Source Files\Debug</Filter>
    </ClInclude>
    <ClInclude Include="Source\Object\Actor\Actor.h">
      <Filter>Source Files\Object\Actor</Filter>
    </ClInclude>
    <ClInclude Include="Source\Object\Actor\Arrow.h">
      <Filter>Source Files\Object\Actor</Filter>
    </ClInclude>
    <ClInclude Include="Source\Object\Actor\Camera.h">
      <Filter>Source Files\Object\Actor</Filter>
    </ClInclude>
    <ClInclude Include="Source\Object\Actor\Cone.h">
      <Filter>Source Files\Object\Actor</Filter>
    </ClInclude>
    <ClInclude Include="Source\Object\Actor\Cube.h">
      <Filter>Source Files\Object\Actor</Filter>
    </ClInclude>
    <ClInclude Include="Source\Object\Actor\Cylinder.h">
      <Filter>Source Files\Object\Actor</Filter>
    </ClInclude>
    <ClInclude Include="Source\Object\Actor\Sphere.h">
      <Filter>Source Files\Object\Actor</Filter>
    </ClInclude>
    <ClInclude Include="Source\Object\ActorComponent\ActorComponent.h">
      <Filter>Source Files\Object\ActorComponent</Filter>
    </ClInclude>
    <ClInclude Include="Source\Object\Gizmo\GizmoHandle.h">
      <Filter>Source Files\Object\Gizmo</Filter>
    </ClInclude>
    <ClInclude Include="Source\Object\World\World.h">
      <Filter>Source Files\Object\World</Filter>
    </ClInclude>
    <ClInclude Include="Source\Object\PrimitiveComponent\UPrimitiveComponent.h">
      <Filter>Source Files\Object\PrimitiveComponent</Filter>
    </ClInclude>
    <ClInclude Include="Source\Object\ObjectFactory.h">
      <Filter>Source Files\Object</Filter>
    <ClInclude Include="Source\Object\ActorComponent\ActorComponent.h">
      <Filter>Header Files</Filter>
    </ClInclude>
    <ClInclude Include="Source\Object\USceneComponent.h">
      <Filter>Source Files\Object</Filter>
    </ClInclude>
    <ClInclude Include="Source\Object\UObject.h">
      <Filter>Source Files\Object</Filter>
    </ClInclude>
    <ClInclude Include="Source\ThirdParty\SimpleJSON\Json.hpp">
      <Filter>Source Files\ThirdParty\SimpleJSON</Filter>
    </ClInclude>
    <ClInclude Include="Source\JsonSaveHelper.h">
      <Filter>Source Files</Filter>
    </ClInclude>
    <ClInclude Include="Source\Core\Container\Set.h">
      <Filter>Source Files\Core\Container</Filter>
    </ClInclude>
    <ClInclude Include="Source\Core\Container\Pair.h">
      <Filter>Source Files\Core\Container</Filter>
    </ClInclude>
    <ClInclude Include="Source\Core\Container\CString.h">
      <Filter>Source Files\Core\Container</Filter>
    </ClInclude>
    <ClInclude Include="Source\Core\Math\Transform.h">
      <Filter>Source Files\Core\Math</Filter>
    </ClInclude>
    <ClInclude Include="Source\Object\Actor\Picker.h">
      <Filter>Source Files\Object\Actor</Filter>
    </ClInclude>
    <ClInclude Include="Source\Core\Input\PlayerController.h">
      <Filter>Source Files\Core\Input</Filter>
    </ClInclude>
    <ClInclude Include="Source\Core\Input\PlayerInput.h">
      <Filter>Source Files\Core\Input</Filter>
    </ClInclude>
    <ClInclude Include="Source\Core\Container\Map.h">
      <Filter>Source Files\Core\Container</Filter>
    </ClInclude>
    <ClInclude Include="Source\Core\Rendering\Text\Text.h">
      <Filter>Source Files\Core\Rendering\Text</Filter>
    </ClInclude>
    <ClInclude Include="Source\Core\Rendering\Text\FontShader.h">
      <Filter>Source Files\Core\Rendering\Text</Filter>
    </ClInclude>
    <ClInclude Include="Source\Core\Rendering\Text\Font.h">
      <Filter>Source Files\Core\Rendering\Text</Filter>
    </ClInclude>
    <ClInclude Include="Source\Core\Rendering\Texture.h">
      <Filter>Source Files\Core\Rendering</Filter>
    </ClInclude>
    <ClInclude Include="Source\ThirdParty\DirectXTex\Include\DirectXTex.h">
      <Filter>Source Files\ThirdParty\DirectXTex\Include</Filter>
    </ClInclude>
  </ItemGroup>
  <ItemGroup>
    <Image Include="Source\Core\Rendering\Text\cork2.png">
      <Filter>Resource Files</Filter>
    </Image>
    <Image Include="Source\Core\Rendering\Text\font01.tga">
      <Filter>Source Files\Core\Rendering\Text</Filter>
    </Image>
  </ItemGroup>
  <ItemGroup>
    <None Include="Source\ThirdParty\DirectXTex\Include\DirectXTex.inl">
      <Filter>Source Files\ThirdParty\DirectXTex\Include</Filter>
    </None>
  </ItemGroup>
  <ItemGroup>
    <FxCompile Include="Shaders\ShaderW0.hlsl">
      <Filter>Shaders</Filter>
    </FxCompile>
    <FxCompile Include="Shaders\ShaderFont.hlsl">
      <Filter>Shaders</Filter>
    </FxCompile>
  </ItemGroup>
  <ItemGroup>
    <Text Include="Source\Core\Rendering\Text\font01.txt">
      <Filter>Source Files\Core\Rendering\Text</Filter>
    </Text>
    <ClInclude Include="Source\Object\Actor\Camera.h">
      <Filter>Header Files</Filter>
    </ClInclude>
    <ClInclude Include="Source\Object\Actor\Cone.h">
      <Filter>Header Files</Filter>
    </ClInclude>
    <ClInclude Include="Source\Object\Actor\Cylinder.h">
      <Filter>Header Files</Filter>
    </ClInclude>
    <ClInclude Include="Source\Object\Gizmo\GizmoHandle.h">
      <Filter>Header Files</Filter>
    </ClInclude>
    <ClInclude Include="Source\Core\Container\CString.h">
      <Filter>Header Files</Filter>
    </ClInclude>
    <ClInclude Include="Source\Object\Actor\Picker.h">
      <Filter>Header Files</Filter>
    </ClInclude>
    <ClInclude Include="Source\Object\Actor\Arrow.h">
      <Filter>Header Files</Filter>
    </ClInclude>
    <ClInclude Include="Source\Core\Input\PlayerController.h">
      <Filter>Header Files</Filter>
    </ClInclude>
    <ClInclude Include="Source\Core\Input\PlayerInput.h">
      <Filter>Header Files</Filter>
    </ClInclude>
    <ClInclude Include="Source\Core\EngineTypes.h">
      <Filter>Header Files</Filter>
    </ClInclude>
    <ClInclude Include="Source\Static\FEditorManager.h">
      <Filter>Header Files</Filter>
    </ClInclude>
    <ClInclude Include="FEngineShowFlags.h">
      <Filter>Header Files</Filter>
    </ClInclude>
    <ClInclude Include="Source\Data\ConfigManager.h">
      <Filter>Header Files</Filter>
    </ClInclude>
    <ClInclude Include="Source\Data\JsonSaveHelper.h">
      <Filter>Header Files</Filter>
    </ClInclude>
    <ClInclude Include="Source\Data\UDeveloperSettings.h">
      <Filter>Header Files</Filter>
    </ClInclude>
    <ClInclude Include="Source\Data\UCameraSettings.h">
      <Filter>Header Files</Filter>
    </ClInclude>
  </ItemGroup>
  <ItemGroup>
    <None Include="ClassDiagram.cd" />
  </ItemGroup>
</Project>